
Microsoft Visual Studio Solution File, Format Version 12.00
# Visual Studio Version 17
VisualStudioVersion = 17.14.36203.30 d17.14
MinimumVisualStudioVersion = 10.0.40219.1
Project("{FAE04EC0-301F-11D3-BF4B-00C04F79EFBC}") = "noor.reg", "noor.reg.csproj", "{D98090AD-4EB7-405C-8993-1D76089958EF}"
EndProject
Global
	GlobalSection(SolutionConfigurationPlatforms) = preSolution
		Debug|Any CPU = Debug|Any CPU
		Release|Any CPU = Release|Any CPU
	EndGlobalSection
	GlobalSection(ProjectConfigurationPlatforms) = postSolution
		{D98090AD-4EB7-405C-8993-1D76089958EF}.Debug|Any CPU.ActiveCfg = Debug|Any CPU
		{D98090AD-4EB7-405C-8993-1D76089958EF}.Debug|Any CPU.Build.0 = Debug|Any CPU
		{D98090AD-4EB7-405C-8993-1D76089958EF}.Release|Any CPU.ActiveCfg = Release|Any CPU
		{D98090AD-4EB7-405C-8993-1D76089958EF}.Release|Any CPU.Build.0 = Release|Any CPU
	EndGlobalSection
	GlobalSection(SolutionProperties) = preSolution
		HideSolutionNode = FALSE
	EndGlobalSection
	GlobalSection(ExtensibilityGlobals) = postSolution
		SolutionGuid = {6E18066A-A518-4B1F-A13B-CEE063B67870}
	EndGlobalSection
EndGlobal
