
Microsoft Visual Studio Solution File, Format Version 12.00
# Visual Studio Version 16
VisualStudioVersion = 25.0.1706.14
MinimumVisualStudioVersion = 10.0.40219.1
Project("{FAE04EC0-301F-11D3-BF4B-00C04F79EFBC}") = "HelloWorld", "HelloWorld\HelloWorld.csproj", "{FDCCEEBF-33A7-41CC-84ED-059B284808DA}"
EndProject
Global
	GlobalSection(SolutionConfigurationPlatforms) = preSolution
		Debug|Any CPU = Debug|Any CPU
		Release|Any CPU = Release|Any CPU
	EndGlobalSection
	GlobalSection(ProjectConfigurationPlatforms) = postSolution
		{FDCCEEBF-33A7-41CC-84ED-059B284808DA}.Debug|Any CPU.ActiveCfg = Debug|Any CPU
		{FDCCEEBF-33A7-41CC-84ED-059B284808DA}.Debug|Any CPU.Build.0 = Debug|Any CPU
		{FDCCEEBF-33A7-41CC-84ED-059B284808DA}.Release|Any CPU.ActiveCfg = Release|Any CPU
		{FDCCEEBF-33A7-41CC-84ED-059B284808DA}.Release|Any CPU.Build.0 = Release|Any CPU
	EndGlobalSection
	GlobalSection(SolutionProperties) = preSolution
		HideSolutionNode = FALSE
	EndGlobalSection
	GlobalSection(ExtensibilityGlobals) = postSolution
		SolutionGuid = {7B5B1F20-8886-486C-9D81-F9DAA7292EAC}
	EndGlobalSection
EndGlobal
